
Microsoft Visual Studio Solution File, Format Version 12.00
# Visual Studio 15
VisualStudioVersion = 15.0.27428.2015
MinimumVisualStudioVersion = 10.0.40219.1
Project("{8BC9CEB8-8B4A-11D0-8D11-00A0C91BC942}") = "Kata6_1", "Kata6_1\Kata6_1.vcxproj", "{9A292D75-1B69-4927-9710-662C1CD22ADA}"
EndProject
Global
	GlobalSection(SolutionConfigurationPlatforms) = preSolution
		Debug|x64 = Debug|x64
		Debug|x86 = Debug|x86
		Release|x64 = Release|x64
		Release|x86 = Release|x86
	EndGlobalSection
	GlobalSection(ProjectConfigurationPlatforms) = postSolution
		{9A292D75-1B69-4927-9710-662C1CD22ADA}.Debug|x64.ActiveCfg = Debug|x64
		{9A292D75-1B69-4927-9710-662C1CD22ADA}.Debug|x64.Build.0 = Debug|x64
		{9A292D75-1B69-4927-9710-662C1CD22ADA}.Debug|x86.ActiveCfg = Debug|Win32
		{9A292D75-1B69-4927-9710-662C1CD22ADA}.Debug|x86.Build.0 = Debug|Win32
		{9A292D75-1B69-4927-9710-662C1CD22ADA}.Release|x64.ActiveCfg = Release|x64
		{9A292D75-1B69-4927-9710-662C1CD22ADA}.Release|x64.Build.0 = Release|x64
		{9A292D75-1B69-4927-9710-662C1CD22ADA}.Release|x86.ActiveCfg = Release|Win32
		{9A292D75-1B69-4927-9710-662C1CD22ADA}.Release|x86.Build.0 = Release|Win32
	EndGlobalSection
	GlobalSection(SolutionProperties) = preSolution
		HideSolutionNode = FALSE
	EndGlobalSection
	GlobalSection(ExtensibilityGlobals) = postSolution
		SolutionGuid = {84FFD841-C2E6-4674-9D7F-B7432BFC9B04}
	EndGlobalSection
EndGlobal
